
Microsoft Visual Studio Solution File, Format Version 12.00
# Visual Studio 2017
Project("{FAE04EC0-301F-11D3-BF4B-00C04F79EFBC}") = "Bollywood Hero", "Bollywood Hero.csproj", "{DC42CE08-0991-6BDF-6E4F-67E389C6AF69}"
EndProject
Project("{FAE04EC0-301F-11D3-BF4B-00C04F79EFBC}") = "Bollywood Hero.Editor", "Bollywood Hero.Editor.csproj", "{53041B9A-A27E-5376-ADF9-7A0E6F0173B0}"
EndProject
Global
	GlobalSection(SolutionConfigurationPlatforms) = preSolution
		Debug|Any CPU = Debug|Any CPU
		Release|Any CPU = Release|Any CPU
	EndGlobalSection
	GlobalSection(ProjectConfigurationPlatforms) = postSolution
		{DC42CE08-0991-6BDF-6E4F-67E389C6AF69}.Debug|Any CPU.ActiveCfg = Debug|Any CPU
		{DC42CE08-0991-6BDF-6E4F-67E389C6AF69}.Debug|Any CPU.Build.0 = Debug|Any CPU
		{DC42CE08-0991-6BDF-6E4F-67E389C6AF69}.Release|Any CPU.ActiveCfg = Release|Any CPU
		{DC42CE08-0991-6BDF-6E4F-67E389C6AF69}.Release|Any CPU.Build.0 = Release|Any CPU
		{53041B9A-A27E-5376-ADF9-7A0E6F0173B0}.Debug|Any CPU.ActiveCfg = Debug|Any CPU
		{53041B9A-A27E-5376-ADF9-7A0E6F0173B0}.Debug|Any CPU.Build.0 = Debug|Any CPU
		{53041B9A-A27E-5376-ADF9-7A0E6F0173B0}.Release|Any CPU.ActiveCfg = Release|Any CPU
		{53041B9A-A27E-5376-ADF9-7A0E6F0173B0}.Release|Any CPU.Build.0 = Release|Any CPU
	EndGlobalSection
	GlobalSection(SolutionProperties) = preSolution
		HideSolutionNode = FALSE
	EndGlobalSection
EndGlobal
